
Microsoft Visual Studio Solution File, Format Version 12.00
# Visual Studio Version 17
VisualStudioVersion = 17.0.32112.339
MinimumVisualStudioVersion = 10.0.40219.1
Project("{FAE04EC0-301F-11D3-BF4B-00C04F79EFBC}") = "FlipaCoinBot", "FlipaCoinBot\FlipaCoinBot.csproj", "{F1F019CE-8B55-4929-B2F5-C7D2A35E96BF}"
EndProject
Global
	GlobalSection(SolutionConfigurationPlatforms) = preSolution
		Debug|Any CPU = Debug|Any CPU
		Release|Any CPU = Release|Any CPU
	EndGlobalSection
	GlobalSection(ProjectConfigurationPlatforms) = postSolution
		{F1F019CE-8B55-4929-B2F5-C7D2A35E96BF}.Debug|Any CPU.ActiveCfg = Debug|Any CPU
		{F1F019CE-8B55-4929-B2F5-C7D2A35E96BF}.Debug|Any CPU.Build.0 = Debug|Any CPU
		{F1F019CE-8B55-4929-B2F5-C7D2A35E96BF}.Release|Any CPU.ActiveCfg = Release|Any CPU
		{F1F019CE-8B55-4929-B2F5-C7D2A35E96BF}.Release|Any CPU.Build.0 = Release|Any CPU
	EndGlobalSection
	GlobalSection(SolutionProperties) = preSolution
		HideSolutionNode = FALSE
	EndGlobalSection
	GlobalSection(ExtensibilityGlobals) = postSolution
		SolutionGuid = {AF6726FB-AE17-4715-845A-D02A539CBE70}
	EndGlobalSection
EndGlobal
